PODS:
  - GoogleMaps (7.4.0):
    - GoogleMaps/Maps (= 7.4.0)
  - GoogleMaps/Base (7.4.0)
  - GoogleMaps/Maps (7.4.0):
    - GoogleMaps/Base
  - MapsIndoors (4.1.0)
  - MapsIndoorsCore (4.1.0):
    - MapsIndoors (= 4.1.0)
  - MapsIndoorsGoogleMaps (4.1.0):
    - GoogleMaps (= 7.4.0)
    - MapsIndoorsCore (= 4.1.0)
    - ValueAnimator (= 0.6.8)
  - ValueAnimator (0.6.8)

DEPENDENCIES:
  - MapsIndoorsGoogleMaps (= 4.1.0)

SPEC REPOS:
  trunk:
    - GoogleMaps
    - MapsIndoors
    - MapsIndoorsCore
    - MapsIndoorsGoogleMaps
    - ValueAnimator

SPEC CHECKSUMS:
  GoogleMaps: 032f676450ba0779bd8ce16840690915f84e57ac
  MapsIndoors: f44efb305035f15e11f115f6ff171b60f437608c
  MapsIndoorsCore: 308056a2db4902b9c36ffccea5e1cd0d1ca18153
  MapsIndoorsGoogleMaps: 26d19a52e1176e949a995964cf27175cce792c76
  ValueAnimator: b9ed721f3a0fc682ec857fd70dc933b28adb7522

PODFILE CHECKSUM: 676dd0dd6b58ceeed1a2e67ca94d9b5fcdb9e63a

COCOAPODS: 1.12.1
