PODS:
  - GoogleMaps (7.4.0):
    - GoogleMaps/Maps (= 7.4.0)
  - GoogleMaps/Base (7.4.0)
  - GoogleMaps/Maps (7.4.0):
    - GoogleMaps/Base
  - MapsIndoors (4.2.5)
  - MapsIndoorsCore (4.2.5):
    - MapsIndoors (= 4.2.5)
  - MapsIndoorsGoogleMaps (4.2.5):
    - GoogleMaps (= 7.4.0)
    - MapsIndoorsCore (= 4.2.5)

DEPENDENCIES:
  - MapsIndoorsGoogleMaps (= 4.2.5)

SPEC REPOS:
  trunk:
    - GoogleMaps
    - MapsIndoors
    - MapsIndoorsCore
    - MapsIndoorsGoogleMaps

SPEC CHECKSUMS:
  GoogleMaps: 032f676450ba0779bd8ce16840690915f84e57ac
  MapsIndoors: e022b1587fda229cf38307d812c8198ecdf1de25
  MapsIndoorsCore: 776f2e32e7f6cca28cdc471e7f0e9e7278258c4d
  MapsIndoorsGoogleMaps: ac0124d0cf3bc457194f0544478e035336c4f397

PODFILE CHECKSUM: 425abf588a442fc201e7926a52d04007c29f166f

COCOAPODS: 1.13.0
